
Microsoft Visual Studio Solution File, Format Version 12.00
# Visual Studio Version 17
VisualStudioVersion = 17.14.36121.58
MinimumVisualStudioVersion = 10.0.40219.1
Project("{FAE04EC0-301F-11D3-BF4B-00C04F79EFBC}") = "Grpc.Server", "Grpc.Server\Grpc.Server.csproj", "{7F5B3AC0-0AF4-24D9-9AB0-7A7D18481FC8}"
EndProject
Project("{FAE04EC0-301F-11D3-BF4B-00C04F79EFBC}") = "Grpc.AppHost", "Grpc.AppHost\Grpc.AppHost.csproj", "{D70B37F1-668E-4AEC-B767-9EF3C5B5A3A9}"
EndProject
Project("{FAE04EC0-301F-11D3-BF4B-00C04F79EFBC}") = "Grpc.ServiceDefaults", "Grpc.ServiceDefaults\Grpc.ServiceDefaults.csproj", "{2A07A98E-7DEF-8566-1B5B-2DAE57737995}"
EndProject
Project("{FAE04EC0-301F-11D3-BF4B-00C04F79EFBC}") = "Grpc.Client", "Grpc.Client\Grpc.Client.csproj", "{569DA19B-D8E6-5837-8A1F-7DCF0E2EC2BB}"
EndProject
Global
	GlobalSection(SolutionConfigurationPlatforms) = preSolution
		Debug|Any CPU = Debug|Any CPU
		Release|Any CPU = Release|Any CPU
	EndGlobalSection
	GlobalSection(ProjectConfigurationPlatforms) = postSolution
		{7F5B3AC0-0AF4-24D9-9AB0-7A7D18481FC8}.Debug|Any CPU.ActiveCfg = Debug|Any CPU
		{7F5B3AC0-0AF4-24D9-9AB0-7A7D18481FC8}.Debug|Any CPU.Build.0 = Debug|Any CPU
		{7F5B3AC0-0AF4-24D9-9AB0-7A7D18481FC8}.Release|Any CPU.ActiveCfg = Release|Any CPU
		{7F5B3AC0-0AF4-24D9-9AB0-7A7D18481FC8}.Release|Any CPU.Build.0 = Release|Any CPU
		{D70B37F1-668E-4AEC-B767-9EF3C5B5A3A9}.Debug|Any CPU.ActiveCfg = Debug|Any CPU
		{D70B37F1-668E-4AEC-B767-9EF3C5B5A3A9}.Debug|Any CPU.Build.0 = Debug|Any CPU
		{D70B37F1-668E-4AEC-B767-9EF3C5B5A3A9}.Release|Any CPU.ActiveCfg = Release|Any CPU
		{D70B37F1-668E-4AEC-B767-9EF3C5B5A3A9}.Release|Any CPU.Build.0 = Release|Any CPU
		{2A07A98E-7DEF-8566-1B5B-2DAE57737995}.Debug|Any CPU.ActiveCfg = Debug|Any CPU
		{2A07A98E-7DEF-8566-1B5B-2DAE57737995}.Debug|Any CPU.Build.0 = Debug|Any CPU
		{2A07A98E-7DEF-8566-1B5B-2DAE57737995}.Release|Any CPU.ActiveCfg = Release|Any CPU
		{2A07A98E-7DEF-8566-1B5B-2DAE57737995}.Release|Any CPU.Build.0 = Release|Any CPU
		{569DA19B-D8E6-5837-8A1F-7DCF0E2EC2BB}.Debug|Any CPU.ActiveCfg = Debug|Any CPU
		{569DA19B-D8E6-5837-8A1F-7DCF0E2EC2BB}.Debug|Any CPU.Build.0 = Debug|Any CPU
		{569DA19B-D8E6-5837-8A1F-7DCF0E2EC2BB}.Release|Any CPU.ActiveCfg = Release|Any CPU
		{569DA19B-D8E6-5837-8A1F-7DCF0E2EC2BB}.Release|Any CPU.Build.0 = Release|Any CPU
	EndGlobalSection
	GlobalSection(SolutionProperties) = preSolution
		HideSolutionNode = FALSE
	EndGlobalSection
	GlobalSection(ExtensibilityGlobals) = postSolution
		SolutionGuid = {7D0DE91C-2CC3-4C7A-81CB-BCCF6FAD4A4F}
	EndGlobalSection
EndGlobal
